
Microsoft Visual Studio Solution File, Format Version 12.00
# Visual Studio Version 17
VisualStudioVersion = 17.5.002.0
MinimumVisualStudioVersion = 10.0.40219.1
Project("{9A19103F-16F7-4668-BE54-9A1E7A4F7556}") = "DesignPatternApi", "DesignPatternApi.csproj", "{CD19DE23-8303-464F-968B-0D6B6EF23429}"
EndProject
Global
	GlobalSection(SolutionConfigurationPlatforms) = preSolution
		Debug|Any CPU = Debug|Any CPU
		Release|Any CPU = Release|Any CPU
	EndGlobalSection
	GlobalSection(ProjectConfigurationPlatforms) = postSolution
		{CD19DE23-8303-464F-968B-0D6B6EF23429}.Debug|Any CPU.ActiveCfg = Debug|Any CPU
		{CD19DE23-8303-464F-968B-0D6B6EF23429}.Debug|Any CPU.Build.0 = Debug|Any CPU
		{CD19DE23-8303-464F-968B-0D6B6EF23429}.Release|Any CPU.ActiveCfg = Release|Any CPU
		{CD19DE23-8303-464F-968B-0D6B6EF23429}.Release|Any CPU.Build.0 = Release|Any CPU
	EndGlobalSection
	GlobalSection(SolutionProperties) = preSolution
		HideSolutionNode = FALSE
	EndGlobalSection
	GlobalSection(ExtensibilityGlobals) = postSolution
		SolutionGuid = {78DD2E72-CF55-4BE3-B198-DAC2E2569D9F}
	EndGlobalSection
EndGlobal
